
Microsoft Visual Studio Solution File, Format Version 12.00
# Visual Studio Version 16
VisualStudioVersion = 16.0.30611.23
MinimumVisualStudioVersion = 10.0.40219.1
Project("{FAE04EC0-301F-11D3-BF4B-00C04F79EFBC}") = "EFLocomotive", "EFLocomotive\EFLocomotive.csproj", "{F745E7A1-FDE1-4743-94EF-E292F2A6BA12}"
EndProject
Project("{FAE04EC0-301F-11D3-BF4B-00C04F79EFBC}") = "WEB_UI", "WEB_UI\WEB_UI.csproj", "{1402581F-E58F-442F-83B4-C547F0D9202C}"
EndProject
Global
	GlobalSection(SolutionConfigurationPlatforms) = preSolution
		Debug|Any CPU = Debug|Any CPU
		Release|Any CPU = Release|Any CPU
	EndGlobalSection
	GlobalSection(ProjectConfigurationPlatforms) = postSolution
		{F745E7A1-FDE1-4743-94EF-E292F2A6BA12}.Debug|Any CPU.ActiveCfg = Debug|Any CPU
		{F745E7A1-FDE1-4743-94EF-E292F2A6BA12}.Debug|Any CPU.Build.0 = Debug|Any CPU
		{F745E7A1-FDE1-4743-94EF-E292F2A6BA12}.Release|Any CPU.ActiveCfg = Release|Any CPU
		{F745E7A1-FDE1-4743-94EF-E292F2A6BA12}.Release|Any CPU.Build.0 = Release|Any CPU
		{1402581F-E58F-442F-83B4-C547F0D9202C}.Debug|Any CPU.ActiveCfg = Debug|Any CPU
		{1402581F-E58F-442F-83B4-C547F0D9202C}.Debug|Any CPU.Build.0 = Debug|Any CPU
		{1402581F-E58F-442F-83B4-C547F0D9202C}.Release|Any CPU.ActiveCfg = Release|Any CPU
		{1402581F-E58F-442F-83B4-C547F0D9202C}.Release|Any CPU.Build.0 = Release|Any CPU
	EndGlobalSection
	GlobalSection(SolutionProperties) = preSolution
		HideSolutionNode = FALSE
	EndGlobalSection
	GlobalSection(ExtensibilityGlobals) = postSolution
		SolutionGuid = {C5F6510B-722E-4D2C-9BBE-ADE2842DF092}
	EndGlobalSection
EndGlobal
